
Microsoft Visual Studio Solution File, Format Version 12.00
# Visual Studio Version 17
VisualStudioVersion = 17.0.32112.339
MinimumVisualStudioVersion = 10.0.40219.1
Project("{FAE04EC0-301F-11D3-BF4B-00C04F79EFBC}") = "EndToEnd", "EndToEnd.csproj", "{ED21E912-E890-4D56-AB3E-802C567B2A4E}"
EndProject
Global
	GlobalSection(SolutionConfigurationPlatforms) = preSolution
		Debug|Any CPU = Debug|Any CPU
		Release|Any CPU = Release|Any CPU
	EndGlobalSection
	GlobalSection(ProjectConfigurationPlatforms) = postSolution
		{ED21E912-E890-4D56-AB3E-802C567B2A4E}.Debug|Any CPU.ActiveCfg = Debug|Any CPU
		{ED21E912-E890-4D56-AB3E-802C567B2A4E}.Debug|Any CPU.Build.0 = Debug|Any CPU
		{ED21E912-E890-4D56-AB3E-802C567B2A4E}.Release|Any CPU.ActiveCfg = Release|Any CPU
		{ED21E912-E890-4D56-AB3E-802C567B2A4E}.Release|Any CPU.Build.0 = Release|Any CPU
	EndGlobalSection
	GlobalSection(SolutionProperties) = preSolution
		HideSolutionNode = FALSE
	EndGlobalSection
	GlobalSection(ExtensibilityGlobals) = postSolution
		SolutionGuid = {047D8FF3-F61C-4B41-AF30-55F769E71495}
	EndGlobalSection
EndGlobal
