{
  "requires": true,
  "lockfileVersion": 1,
  "dependencies": {
    "angular-jwt": {
      "version": "0.1.11",
      "resolved": "https://registry.npmjs.org/angular-jwt/-/angular-jwt-0.1.11.tgz",
      "integrity": "sha512-793dv5vXOXaW5/cweMd+sqSf9dPhbazDya3szTVOQ84MDEj1nYLJrixBBa7WNtZeMqz7ylWX7djnFgqLjEWcHw=="
    }
  }
}
