
Microsoft Visual Studio Solution File, Format Version 12.00
# Visual Studio Version 16
VisualStudioVersion = 16.0.30907.101
MinimumVisualStudioVersion = 10.0.40219.1
Project("{FAE04EC0-301F-11D3-BF4B-00C04F79EFBC}") = "ApiClient", "ApiClient.csproj", "{60EEE2C8-FD18-42F0-9E71-1A54872FA3D6}"
EndProject
Global
	GlobalSection(SolutionConfigurationPlatforms) = preSolution
		Debug|Any CPU = Debug|Any CPU
		Release|Any CPU = Release|Any CPU
	EndGlobalSection
	GlobalSection(ProjectConfigurationPlatforms) = postSolution
		{60EEE2C8-FD18-42F0-9E71-1A54872FA3D6}.Debug|Any CPU.ActiveCfg = Debug|Any CPU
		{60EEE2C8-FD18-42F0-9E71-1A54872FA3D6}.Debug|Any CPU.Build.0 = Debug|Any CPU
		{60EEE2C8-FD18-42F0-9E71-1A54872FA3D6}.Release|Any CPU.ActiveCfg = Release|Any CPU
		{60EEE2C8-FD18-42F0-9E71-1A54872FA3D6}.Release|Any CPU.Build.0 = Release|Any CPU
	EndGlobalSection
	GlobalSection(SolutionProperties) = preSolution
		HideSolutionNode = FALSE
	EndGlobalSection
	GlobalSection(ExtensibilityGlobals) = postSolution
		SolutionGuid = {EEEBD5BB-29C3-472A-828B-489813483590}
	EndGlobalSection
EndGlobal
